// !$*UTF8*$!
{
	archiveVersion = 1;
	classes = {
	};
	objectVersion = 50;
	objects = {

/* Begin PBXBuildFile section */
		630BE21620DFD14A00FA368E /* StockHolding.swift in Sources */ = {isa = PBXBuildFile; fileRef = 630BE21520DFD14A00FA368E /* StockHolding.swift */; };
		630BE21820E4162700FA368E /* StockList.swift in Sources */ = {isa = PBXBuildFile; fileRef = 630BE21720E4162700FA368E /* StockList.swift */; };
		630BE32A20E7073100FA368E /* aProtocol.swift in Sources */ = {isa = PBXBuildFile; fileRef = 630BE32920E7073100FA368E /* aProtocol.swift */; };
		63C3BAAE20E959B800A72CC3 /* main.swift in Sources */ = {isa = PBXBuildFile; fileRef = 63C3BAAD20E959B800A72CC3 /* main.swift */; };
/* End PBXBuildFile section */

/* Begin PBXCopyFilesBuildPhase section */
		630BE20920DFD0B800FA368E /* CopyFiles */ = {
			isa = PBXCopyFilesBuildPhase;
			buildActionMask = 2147483647;
			dstPath = /usr/share/man/man1/;
			dstSubfolderSpec = 0;
			files = (
			);
			runOnlyForDeploymentPostprocessing = 1;
		};
/* End PBXCopyFilesBuildPhase section */

/* Begin PBXFileReference section */
		630BE20B20DFD0B800FA368E /* Stocks */ = {isa = PBXFileReference; explicitFileType = "compiled.mach-o.executable"; includeInIndex = 0; path = Stocks; sourceTree = BUILT_PRODUCTS_DIR; };
		630BE21520DFD14A00FA368E /* StockHolding.swift */ = {isa = PBXFileReference; lastKnownFileType = sourcecode.swift; path = StockHolding.swift; sourceTree = "<group>"; };
		630BE21720E4162700FA368E /* StockList.swift */ = {isa = PBXFileReference; lastKnownFileType = sourcecode.swift; path = StockList.swift; sourceTree = "<group>"; };
		630BE32920E7073100FA368E /* aProtocol.swift */ = {isa = PBXFileReference; lastKnownFileType = sourcecode.swift; path = aProtocol.swift; sourceTree = "<group>"; };
		63C3BAAD20E959B800A72CC3 /* main.swift */ = {isa = PBXFileReference; lastKnownFileType = sourcecode.swift; path = main.swift; sourceTree = "<group>"; };
/* End PBXFileReference section */

/* Begin PBXFrameworksBuildPhase section */
		630BE20820DFD0B800FA368E /* Frameworks */ = {
			isa = PBXFrameworksBuildPhase;
			buildActionMask = 2147483647;
			files = (
			);
			runOnlyForDeploymentPostprocessing = 0;
		};
/* End PBXFrameworksBuildPhase section */

/* Begin PBXGroup section */
		630BE20220DFD0B800FA368E = {
			isa = PBXGroup;
			children = (
				630BE20D20DFD0B800FA368E /* Stocks */,
				630BE20C20DFD0B800FA368E /* Products */,
			);
			sourceTree = "<group>";
		};
		630BE20C20DFD0B800FA368E /* Products */ = {
			isa = PBXGroup;
			children = (
				630BE20B20DFD0B800FA368E /* Stocks */,
			);
			name = Products;
			sourceTree = "<group>";
		};
		630BE20D20DFD0B800FA368E /* Stocks */ = {
			isa = PBXGroup;
			children = (
				630BE21520DFD14A00FA368E /* StockHolding.swift */,
				630BE21720E4162700FA368E /* StockList.swift */,
				63C3BAAD20E959B800A72CC3 /* main.swift */,
				630BE32920E7073100FA368E /* aProtocol.swift */,
			);
			path = Stocks;
			sourceTree = "<group>";
		};
/* End PBXGroup section */

/* Begin PBXNativeTarget section */
		630BE20A20DFD0B800FA368E /* Stocks */ = {
			isa = PBXNativeTarget;
			buildConfigurationList = 630BE21220DFD0B800FA368E /* Build configuration list for PBXNativeTarget "Stocks" */;
			buildPhases = (
				630BE20720DFD0B800FA368E /* Sources */,
				630BE20820DFD0B800FA368E /* Frameworks */,
				630BE20920DFD0B800FA368E /* CopyFiles */,
			);
			buildRules = (
			);
			dependencies = (
			);
			name = Stocks;
			productName = Stocks;
			productReference = 630BE20B20DFD0B800FA368E /* Stocks */;
			productType = "com.apple.product-type.tool";
		};
/* End PBXNativeTarget section */

/* Begin PBXProject section */
		630BE20320DFD0B800FA368E /* Project object */ = {
			isa = PBXProject;
			attributes = {
				LastSwiftUpdateCheck = 0940;
				LastUpgradeCheck = 0940;
				ORGANIZATIONNAME = "Jagtar Singh";
				TargetAttributes = {
					630BE20A20DFD0B800FA368E = {
						CreatedOnToolsVersion = 9.4.1;
					};
				};
			};
			buildConfigurationList = 630BE20620DFD0B800FA368E /* Build configuration list for PBXProject "Stocks" */;
			compatibilityVersion = "Xcode 9.3";
			developmentRegion = en;
			hasScannedForEncodings = 0;
			knownRegions = (
				en,
			);
			mainGroup = 630BE20220DFD0B800FA368E;
			productRefGroup = 630BE20C20DFD0B800FA368E /* Products */;
			projectDirPath = "";
			projectRoot = "";
			targets = (
				630BE20A20DFD0B800FA368E /* Stocks */,
			);
		};
/* End PBXProject section */

/* Begin PBXSourcesBuildPhase section */
		630BE20720DFD0B800FA368E /* Sources */ = {
			isa = PBXSourcesBuildPhase;
			buildActionMask = 2147483647;
			files = (
				630BE21820E4162700FA368E /* StockList.swift in Sources */,
				63C3BAAE20E959B800A72CC3 /* main.swift in Sources */,
				630BE32A20E7073100FA368E /* aProtocol.swift in Sources */,
				630BE21620DFD14A00FA368E /* StockHolding.swift in Sources */,
			);
			runOnlyForDeploymentPostprocessing = 0;
		};
/* End PBXSourcesBuildPhase section */

/* Begin XCBuildConfiguration section */
		630BE21020DFD0B800FA368E /* Debug */ = {
			isa = XCBuildConfiguration;
			buildSettings = {
				ALWAYS_SEARCH_USER_PATHS = NO;
				CLANG_ANALYZER_NONNULL = YES;
				CLANG_ANALYZER_NUMBER_OBJECT_CONVERSION = YES_AGGRESSIVE;
				CLANG_CXX_LANGUAGE_STANDARD = "gnu++14";
				CLANG_CXX_LIBRARY = "libc++";
				CLANG_ENABLE_MODULES = YES;
				CLANG_ENABLE_OBJC_ARC = YES;
				CLANG_ENABLE_OBJC_WEAK = YES;
				CLANG_WARN_BLOCK_CAPTURE_AUTORELEASING = YES;
				CLANG_WARN_BOOL_CONVERSION = YES;
				CLANG_WARN_COMMA = YES;
				CLANG_WARN_CONSTANT_CONVERSION = YES;
				CLANG_WARN_DEPRECATED_OBJC_IMPLEMENTATIONS = YES;
				CLANG_WARN_DIRECT_OBJC_ISA_USAGE = YES_ERROR;
				CLANG_WARN_DOCUMENTATION_COMMENTS = YES;
				CLANG_WARN_EMPTY_BODY = YES;
				CLANG_WARN_ENUM_CONVERSION = YES;
				CLANG_WARN_INFINITE_RECURSION = YES;
				CLANG_WARN_INT_CONVERSION = YES;
				CLANG_WARN_NON_LITERAL_NULL_CONVERSION = YES;
				CLANG_WARN_OBJC_IMPLICIT_RETAIN_SELF = YES;
				CLANG_WARN_OBJC_LITERAL_CONVERSION = YES;
				CLANG_WARN_OBJC_ROOT_CLASS = YES_ERROR;
				CLANG_WARN_RANGE_LOOP_ANALYSIS = YES;
				CLANG_WARN_STRICT_PROTOTYPES = YES;
				CLANG_WARN_SUSPICIOUS_MOVE = YES;
				CLANG_WARN_UNGUARDED_AVAILABILITY = YES_AGGRESSIVE;
				CLANG_WARN_UNREACHABLE_CODE = YES;
				CLANG_WARN__DUPLICATE_METHOD_MATCH = YES;
				CODE_SIGN_IDENTITY = "-";
				COPY_PHASE_STRIP = NO;
				DEBUG_INFORMATION_FORMAT = dwarf;
				ENABLE_STRICT_OBJC_MSGSEND = YES;
				ENABLE_TESTABILITY = YES;
				GCC_C_LANGUAGE_STANDARD = gnu11;
				GCC_DYNAMIC_NO_PIC = NO;
				GCC_NO_COMMON_BLOCKS = YES;
				GCC_OPTIMIZATION_LEVEL = 0;
				GCC_PREPROCESSOR_DEFINITIONS = (
					"DEBUG=1",
					"$(inherited)",
				);
				GCC_WARN_64_TO_32_BIT_CONVERSION = YES;
				GCC_WARN_ABOUT_RETURN_TYPE = YES_ERROR;
				GCC_WARN_UNDECLARED_SELECTOR = YES;
				GCC_WARN_UNINITIALIZED_AUTOS = YES_AGGRESSIVE;
				GCC_WARN_UNUSED_FUNCTION = YES;
				GCC_WARN_UNUSED_VARIABLE = YES;
				MACOSX_DEPLOYMENT_TARGET = 10.13;
				MTL_ENABLE_DEBUG_INFO = YES;
				ONLY_ACTIVE_ARCH = YES;
				SDKROOT = macosx;
				SWIFT_ACTIVE_COMPILATION_CONDITIONS = DEBUG;
				SWIFT_OPTIMIZATION_LEVEL = "-Onone";
			};
			name = Debug;
		};
		630BE21120DFD0B800FA368E /* Release */ = {
			isa = XCBuildConfiguration;
			buildSettings = {
				ALWAYS_SEARCH_USER_PATHS = NO;
				CLANG_ANALYZER_NONNULL = YES;
				CLANG_ANALYZER_NUMBER_OBJECT_CONVERSION = YES_AGGRESSIVE;
				CLANG_CXX_LANGUAGE_STANDARD = "gnu++14";
				CLANG_CXX_LIBRARY = "libc++";
				CLANG_ENABLE_MODULES = YES;
				CLANG_ENABLE_OBJC_ARC = YES;
				CLANG_ENABLE_OBJC_WEAK = YES;
				CLANG_WARN_BLOCK_CAPTURE_AUTORELEASING = YES;
				CLANG_WARN_BOOL_CONVERSION = YES;
				CLANG_WARN_COMMA = YES;
				CLANG_WARN_CONSTANT_CONVERSION = YES;
				CLANG_WARN_DEPRECATED_OBJC_IMPLEMENTATIONS = YES;
				CLANG_WARN_DIRECT_OBJC_ISA_USAGE = YES_ERROR;
				CLANG_WARN_DOCUMENTATION_COMMENTS = YES;
				CLANG_WARN_EMPTY_BODY = YES;
				CLANG_WARN_ENUM_CONVERSION = YES;
				CLANG_WARN_INFINITE_RECURSION = YES;
				CLANG_WARN_INT_CONVERSION = YES;
				CLANG_WARN_NON_LITERAL_NULL_CONVERSION = YES;
				CLANG_WARN_OBJC_IMPLICIT_RETAIN_SELF = YES;
				CLANG_WARN_OBJC_LITERAL_CONVERSION = YES;
				CLANG_WARN_OBJC_ROOT_CLASS = YES_ERROR;
				CLANG_WARN_RANGE_LOOP_ANALYSIS = YES;
				CLANG_WARN_STRICT_PROTOTYPES = YES;
				CLANG_WARN_SUSPICIOUS_MOVE = YES;
				CLANG_WARN_UNGUARDED_AVAILABILITY = YES_AGGRESSIVE;
				CLANG_WARN_UNREACHABLE_CODE = YES;
				CLANG_WARN__DUPLICATE_METHOD_MATCH = YES;
				CODE_SIGN_IDENTITY = "-";
				COPY_PHASE_STRIP = NO;
				DEBUG_INFORMATION_FORMAT = "dwarf-with-dsym";
				ENABLE_NS_ASSERTIONS = NO;
				ENABLE_STRICT_OBJC_MSGSEND = YES;
				GCC_C_LANGUAGE_STANDARD = gnu11;
				GCC_NO_COMMON_BLOCKS = YES;
				GCC_WARN_64_TO_32_BIT_CONVERSION = YES;
				GCC_WARN_ABOUT_RETURN_TYPE = YES_ERROR;
				GCC_WARN_UNDECLARED_SELECTOR = YES;
				GCC_WARN_UNINITIALIZED_AUTOS = YES_AGGRESSIVE;
				GCC_WARN_UNUSED_FUNCTION = YES;
				GCC_WARN_UNUSED_VARIABLE = YES;
				MACOSX_DEPLOYMENT_TARGET = 10.13;
				MTL_ENABLE_DEBUG_INFO = NO;
				SDKROOT = macosx;
				SWIFT_COMPILATION_MODE = wholemodule;
				SWIFT_OPTIMIZATION_LEVEL = "-O";
			};
			name = Release;
		};
		630BE21320DFD0B800FA368E /* Debug */ = {
			isa = XCBuildConfiguration;
			buildSettings = {
				CODE_SIGN_STYLE = Automatic;
				PRODUCT_NAME = "$(TARGET_NAME)";
				SWIFT_VERSION = 4.0;
			};
			name = Debug;
		};
		630BE21420DFD0B800FA368E /* Release */ = {
			isa = XCBuildConfiguration;
			buildSettings = {
				CODE_SIGN_STYLE = Automatic;
				PRODUCT_NAME = "$(TARGET_NAME)";
				SWIFT_VERSION = 4.0;
			};
			name = Release;
		};
/* End XCBuildConfiguration section */

/* Begin XCConfigurationList section */
		630BE20620DFD0B800FA368E /* Build configuration list for PBXProject "Stocks" */ = {
			isa = XCConfigurationList;
			buildConfigurations = (
				630BE21020DFD0B800FA368E /* Debug */,
				630BE21120DFD0B800FA368E /* Release */,
			);
			defaultConfigurationIsVisible = 0;
			defaultConfigurationName = Release;
		};
		630BE21220DFD0B800FA368E /* Build configuration list for PBXNativeTarget "Stocks" */ = {
			isa = XCConfigurationList;
			buildConfigurations = (
				630BE21320DFD0B800FA368E /* Debug */,
				630BE21420DFD0B800FA368E /* Release */,
			);
			defaultConfigurationIsVisible = 0;
			defaultConfigurationName = Release;
		};
/* End XCConfigurationList section */
	};
	rootObject = 630BE20320DFD0B800FA368E /* Project object */;
}
